// !$*UTF8*$!
{
	archiveVersion = 1;
	classes = {
	};
	objectVersion = 46;
	objects = {

/* Begin PBXBuildFile section */
		ABDF0B7ACB5C722558989C53 /* Pods_IUT.framework in Frameworks */ = {isa = PBXBuildFile; fileRef = FBEECC5A1DBA1D85B8516973 /* Pods_IUT.framework */; };
		E70B32A81E3EEAD3000634AD /* AppDelegate.swift in Sources */ = {isa = PBXBuildFile; fileRef = E70B32A71E3EEAD3000634AD /* AppDelegate.swift */; };
		E70B32AA1E3EEAD3000634AD /* MainVC.swift in Sources */ = {isa = PBXBuildFile; fileRef = E70B32A91E3EEAD3000634AD /* MainVC.swift */; };
		E70B32AD1E3EEAD3000634AD /* Main.storyboard in Resources */ = {isa = PBXBuildFile; fileRef = E70B32AB1E3EEAD3000634AD /* Main.storyboard */; };
		E70B32B01E3EEAD3000634AD /* IUT.xcdatamodeld in Sources */ = {isa = PBXBuildFile; fileRef = E70B32AE1E3EEAD3000634AD /* IUT.xcdatamodeld */; };
		E70B32B21E3EEAD3000634AD /* Assets.xcassets in Resources */ = {isa = PBXBuildFile; fileRef = E70B32B11E3EEAD3000634AD /* Assets.xcassets */; };
		E70B32B51E3EEAD3000634AD /* LaunchScreen.storyboard in Resources */ = {isa = PBXBuildFile; fileRef = E70B32B31E3EEAD3000634AD /* LaunchScreen.storyboard */; };
		E70B32BD1E3EEBA0000634AD /* GoogleService-Info.plist in Resources */ = {isa = PBXBuildFile; fileRef = E70B32BC1E3EEBA0000634AD /* GoogleService-Info.plist */; };
		E70B32C21E40C059000634AD /* ShadowEffect.swift in Sources */ = {isa = PBXBuildFile; fileRef = E70B32C11E40C059000634AD /* ShadowEffect.swift */; };
		E70B32C41E40C1B6000634AD /* Constants.swift in Sources */ = {isa = PBXBuildFile; fileRef = E70B32C31E40C1B6000634AD /* Constants.swift */; };
		E70B32C61E40CEAC000634AD /* SignInVC.swift in Sources */ = {isa = PBXBuildFile; fileRef = E70B32C51E40CEAC000634AD /* SignInVC.swift */; };
		E70B32C81E410F57000634AD /* DataService.swift in Sources */ = {isa = PBXBuildFile; fileRef = E70B32C71E410F57000634AD /* DataService.swift */; };
		E70B32CA1E411EC4000634AD /* HospitalStruct.swift in Sources */ = {isa = PBXBuildFile; fileRef = E70B32C91E411EC4000634AD /* HospitalStruct.swift */; };
		E72F89DF1E4A37F300C08FF3 /* ResetPasswordVC.swift in Sources */ = {isa = PBXBuildFile; fileRef = E72F89DE1E4A37F300C08FF3 /* ResetPasswordVC.swift */; };
		E72F89E11E4A84F300C08FF3 /* EditProfileVC.swift in Sources */ = {isa = PBXBuildFile; fileRef = E72F89E01E4A84F300C08FF3 /* EditProfileVC.swift */; };
		E72F89E31E4D0A6E00C08FF3 /* FeedbackCell.swift in Sources */ = {isa = PBXBuildFile; fileRef = E72F89E21E4D0A6E00C08FF3 /* FeedbackCell.swift */; };
		E7456FE21E4F3344004D24EC /* UltimateUserVC.swift in Sources */ = {isa = PBXBuildFile; fileRef = E7456FE11E4F3344004D24EC /* UltimateUserVC.swift */; };
		E7456FE41E50B20B004D24EC /* AddNewRegionVC.swift in Sources */ = {isa = PBXBuildFile; fileRef = E7456FE31E50B20B004D24EC /* AddNewRegionVC.swift */; };
		E7456FE61E50D33B004D24EC /* AboutVC.swift in Sources */ = {isa = PBXBuildFile; fileRef = E7456FE51E50D33B004D24EC /* AboutVC.swift */; };
		E749AEBF1E4759AE007AB3A1 /* UsersTableVC.swift in Sources */ = {isa = PBXBuildFile; fileRef = E749AEBE1E4759AE007AB3A1 /* UsersTableVC.swift */; };
		E749AEC11E47D3D6007AB3A1 /* FeedbackListVC.swift in Sources */ = {isa = PBXBuildFile; fileRef = E749AEC01E47D3D6007AB3A1 /* FeedbackListVC.swift */; };
		E749AEC31E47E1B5007AB3A1 /* FeedbackReviewVC.swift in Sources */ = {isa = PBXBuildFile; fileRef = E749AEC21E47E1B5007AB3A1 /* FeedbackReviewVC.swift */; };
		E749AEC51E48B35A007AB3A1 /* SourceOfTransferVC.swift in Sources */ = {isa = PBXBuildFile; fileRef = E749AEC41E48B35A007AB3A1 /* SourceOfTransferVC.swift */; };
		E76CD6F41E472987005E9D5E /* ReviewUserVC.swift in Sources */ = {isa = PBXBuildFile; fileRef = E76CD6F31E472987005E9D5E /* ReviewUserVC.swift */; };
		E79E2D341E460B0500786358 /* FeedbackVC.swift in Sources */ = {isa = PBXBuildFile; fileRef = E79E2D331E460B0500786358 /* FeedbackVC.swift */; };
		E79E2D361E46274300786358 /* AdministrativeToolsVC.swift in Sources */ = {isa = PBXBuildFile; fileRef = E79E2D351E46274300786358 /* AdministrativeToolsVC.swift */; };
		E79E2D381E4631EB00786358 /* HospitalsDatabaseVC.swift in Sources */ = {isa = PBXBuildFile; fileRef = E79E2D371E4631EB00786358 /* HospitalsDatabaseVC.swift */; };
		E79E2D3A1E46604700786358 /* HospitalDetailsVC.swift in Sources */ = {isa = PBXBuildFile; fileRef = E79E2D391E46604700786358 /* HospitalDetailsVC.swift */; };
/* End PBXBuildFile section */

/* Begin PBXFileReference section */
		3AFC87CB6D3C6C2D428AB4DC /* Pods-IUT.release.xcconfig */ = {isa = PBXFileReference; includeInIndex = 1; lastKnownFileType = text.xcconfig; name = "Pods-IUT.release.xcconfig"; path = "Pods/Target Support Files/Pods-IUT/Pods-IUT.release.xcconfig"; sourceTree = "<group>"; };
		5EE3192D91B22EE312E46E31 /* Pods-IUT.debug.xcconfig */ = {isa = PBXFileReference; includeInIndex = 1; lastKnownFileType = text.xcconfig; name = "Pods-IUT.debug.xcconfig"; path = "Pods/Target Support Files/Pods-IUT/Pods-IUT.debug.xcconfig"; sourceTree = "<group>"; };
		E70B32A41E3EEAD3000634AD /* IUT.app */ = {isa = PBXFileReference; explicitFileType = wrapper.application; includeInIndex = 0; path = IUT.app; sourceTree = BUILT_PRODUCTS_DIR; };
		E70B32A71E3EEAD3000634AD /* AppDelegate.swift */ = {isa = PBXFileReference; lastKnownFileType = sourcecode.swift; path = AppDelegate.swift; sourceTree = "<group>"; };
		E70B32A91E3EEAD3000634AD /* MainVC.swift */ = {isa = PBXFileReference; lastKnownFileType = sourcecode.swift; path = MainVC.swift; sourceTree = "<group>"; };
		E70B32AC1E3EEAD3000634AD /* Base */ = {isa = PBXFileReference; lastKnownFileType = file.storyboard; name = Base; path = Base.lproj/Main.storyboard; sourceTree = "<group>"; };
		E70B32AF1E3EEAD3000634AD /* IUT.xcdatamodel */ = {isa = PBXFileReference; lastKnownFileType = wrapper.xcdatamodel; path = IUT.xcdatamodel; sourceTree = "<group>"; };
		E70B32B11E3EEAD3000634AD /* Assets.xcassets */ = {isa = PBXFileReference; lastKnownFileType = folder.assetcatalog; path = Assets.xcassets; sourceTree = "<group>"; };
		E70B32B41E3EEAD3000634AD /* Base */ = {isa = PBXFileReference; lastKnownFileType = file.storyboard; name = Base; path = Base.lproj/LaunchScreen.storyboard; sourceTree = "<group>"; };
		E70B32B61E3EEAD3000634AD /* Info.plist */ = {isa = PBXFileReference; lastKnownFileType = text.plist.xml; path = Info.plist; sourceTree = "<group>"; };
		E70B32BC1E3EEBA0000634AD /* GoogleService-Info.plist */ = {isa = PBXFileReference; fileEncoding = 4; lastKnownFileType = text.plist.xml; path = "GoogleService-Info.plist"; sourceTree = "<group>"; };
		E70B32C11E40C059000634AD /* ShadowEffect.swift */ = {isa = PBXFileReference; fileEncoding = 4; lastKnownFileType = sourcecode.swift; path = ShadowEffect.swift; sourceTree = "<group>"; };
		E70B32C31E40C1B6000634AD /* Constants.swift */ = {isa = PBXFileReference; fileEncoding = 4; lastKnownFileType = sourcecode.swift; path = Constants.swift; sourceTree = "<group>"; };
		E70B32C51E40CEAC000634AD /* SignInVC.swift */ = {isa = PBXFileReference; fileEncoding = 4; lastKnownFileType = sourcecode.swift; path = SignInVC.swift; sourceTree = "<group>"; };
		E70B32C71E410F57000634AD /* DataService.swift */ = {isa = PBXFileReference; fileEncoding = 4; lastKnownFileType = sourcecode.swift; path = DataService.swift; sourceTree = "<group>"; };
		E70B32C91E411EC4000634AD /* HospitalStruct.swift */ = {isa = PBXFileReference; fileEncoding = 4; lastKnownFileType = sourcecode.swift; path = HospitalStruct.swift; sourceTree = "<group>"; };
		E72F89DE1E4A37F300C08FF3 /* ResetPasswordVC.swift */ = {isa = PBXFileReference; fileEncoding = 4; lastKnownFileType = sourcecode.swift; path = ResetPasswordVC.swift; sourceTree = "<group>"; };
		E72F89E01E4A84F300C08FF3 /* EditProfileVC.swift */ = {isa = PBXFileReference; fileEncoding = 4; lastKnownFileType = sourcecode.swift; path = EditProfileVC.swift; sourceTree = "<group>"; };
		E72F89E21E4D0A6E00C08FF3 /* FeedbackCell.swift */ = {isa = PBXFileReference; fileEncoding = 4; lastKnownFileType = sourcecode.swift; path = FeedbackCell.swift; sourceTree = "<group>"; };
		E7456FE11E4F3344004D24EC /* UltimateUserVC.swift */ = {isa = PBXFileReference; fileEncoding = 4; lastKnownFileType = sourcecode.swift; path = UltimateUserVC.swift; sourceTree = "<group>"; };
		E7456FE31E50B20B004D24EC /* AddNewRegionVC.swift */ = {isa = PBXFileReference; fileEncoding = 4; lastKnownFileType = sourcecode.swift; path = AddNewRegionVC.swift; sourceTree = "<group>"; };
		E7456FE51E50D33B004D24EC /* AboutVC.swift */ = {isa = PBXFileReference; fileEncoding = 4; lastKnownFileType = sourcecode.swift; path = AboutVC.swift; sourceTree = "<group>"; };
		E749AEBE1E4759AE007AB3A1 /* UsersTableVC.swift */ = {isa = PBXFileReference; fileEncoding = 4; lastKnownFileType = sourcecode.swift; path = UsersTableVC.swift; sourceTree = "<group>"; };
		E749AEC01E47D3D6007AB3A1 /* FeedbackListVC.swift */ = {isa = PBXFileReference; fileEncoding = 4; lastKnownFileType = sourcecode.swift; path = FeedbackListVC.swift; sourceTree = "<group>"; };
		E749AEC21E47E1B5007AB3A1 /* FeedbackReviewVC.swift */ = {isa = PBXFileReference; fileEncoding = 4; lastKnownFileType = sourcecode.swift; path = FeedbackReviewVC.swift; sourceTree = "<group>"; };
		E749AEC41E48B35A007AB3A1 /* SourceOfTransferVC.swift */ = {isa = PBXFileReference; fileEncoding = 4; lastKnownFileType = sourcecode.swift; path = SourceOfTransferVC.swift; sourceTree = "<group>"; };
		E76CD6F31E472987005E9D5E /* ReviewUserVC.swift */ = {isa = PBXFileReference; fileEncoding = 4; lastKnownFileType = sourcecode.swift; path = ReviewUserVC.swift; sourceTree = "<group>"; };
		E77429FC1E5FCB000026EC66 /* IUT.entitlements */ = {isa = PBXFileReference; lastKnownFileType = text.plist.entitlements; path = IUT.entitlements; sourceTree = "<group>"; };
		E79E2D331E460B0500786358 /* FeedbackVC.swift */ = {isa = PBXFileReference; fileEncoding = 4; lastKnownFileType = sourcecode.swift; path = FeedbackVC.swift; sourceTree = "<group>"; };
		E79E2D351E46274300786358 /* AdministrativeToolsVC.swift */ = {isa = PBXFileReference; fileEncoding = 4; lastKnownFileType = sourcecode.swift; path = AdministrativeToolsVC.swift; sourceTree = "<group>"; };
		E79E2D371E4631EB00786358 /* HospitalsDatabaseVC.swift */ = {isa = PBXFileReference; fileEncoding = 4; lastKnownFileType = sourcecode.swift; path = HospitalsDatabaseVC.swift; sourceTree = "<group>"; };
		E79E2D391E46604700786358 /* HospitalDetailsVC.swift */ = {isa = PBXFileReference; fileEncoding = 4; lastKnownFileType = sourcecode.swift; path = HospitalDetailsVC.swift; sourceTree = "<group>"; };
		FBEECC5A1DBA1D85B8516973 /* Pods_IUT.framework */ = {isa = PBXFileReference; explicitFileType = wrapper.framework; includeInIndex = 0; path = Pods_IUT.framework; sourceTree = BUILT_PRODUCTS_DIR; };
/* End PBXFileReference section */

/* Begin PBXFrameworksBuildPhase section */
		E70B32A11E3EEAD3000634AD /* Frameworks */ = {
			isa = PBXFrameworksBuildPhase;
			buildActionMask = 2147483647;
			files = (
				ABDF0B7ACB5C722558989C53 /* Pods_IUT.framework in Frameworks */,
			);
			runOnlyForDeploymentPostprocessing = 0;
		};
/* End PBXFrameworksBuildPhase section */

/* Begin PBXGroup section */
		0948A4F578EC7D3610FA6921 /* Pods */ = {
			isa = PBXGroup;
			children = (
				5EE3192D91B22EE312E46E31 /* Pods-IUT.debug.xcconfig */,
				3AFC87CB6D3C6C2D428AB4DC /* Pods-IUT.release.xcconfig */,
			);
			name = Pods;
			sourceTree = "<group>";
		};
		124DB25E8CC020F2EE0CE73C /* Frameworks */ = {
			isa = PBXGroup;
			children = (
				FBEECC5A1DBA1D85B8516973 /* Pods_IUT.framework */,
			);
			name = Frameworks;
			sourceTree = "<group>";
		};
		E70B329B1E3EEAD3000634AD = {
			isa = PBXGroup;
			children = (
				E70B32A61E3EEAD3000634AD /* IUT */,
				E70B32A51E3EEAD3000634AD /* Products */,
				0948A4F578EC7D3610FA6921 /* Pods */,
				124DB25E8CC020F2EE0CE73C /* Frameworks */,
			);
			sourceTree = "<group>";
		};
		E70B32A51E3EEAD3000634AD /* Products */ = {
			isa = PBXGroup;
			children = (
				E70B32A41E3EEAD3000634AD /* IUT.app */,
			);
			name = Products;
			sourceTree = "<group>";
		};
		E70B32A61E3EEAD3000634AD /* IUT */ = {
			isa = PBXGroup;
			children = (
				E77429FC1E5FCB000026EC66 /* IUT.entitlements */,
				E70B32C01E3EEEBF000634AD /* Model */,
				E70B32BF1E3EEEB0000634AD /* View */,
				E70B32BE1E3EEEA4000634AD /* Controller */,
				E70B32BC1E3EEBA0000634AD /* GoogleService-Info.plist */,
				E70B32B11E3EEAD3000634AD /* Assets.xcassets */,
				E70B32B31E3EEAD3000634AD /* LaunchScreen.storyboard */,
				E70B32B61E3EEAD3000634AD /* Info.plist */,
				E70B32AE1E3EEAD3000634AD /* IUT.xcdatamodeld */,
			);
			path = IUT;
			sourceTree = "<group>";
		};
		E70B32BE1E3EEEA4000634AD /* Controller */ = {
			isa = PBXGroup;
			children = (
				E70B32A91E3EEAD3000634AD /* MainVC.swift */,
				E70B32C51E40CEAC000634AD /* SignInVC.swift */,
				E79E2D331E460B0500786358 /* FeedbackVC.swift */,
				E79E2D351E46274300786358 /* AdministrativeToolsVC.swift */,
				E79E2D371E4631EB00786358 /* HospitalsDatabaseVC.swift */,
				E79E2D391E46604700786358 /* HospitalDetailsVC.swift */,
				E76CD6F31E472987005E9D5E /* ReviewUserVC.swift */,
				E749AEBE1E4759AE007AB3A1 /* UsersTableVC.swift */,
				E749AEC01E47D3D6007AB3A1 /* FeedbackListVC.swift */,
				E749AEC21E47E1B5007AB3A1 /* FeedbackReviewVC.swift */,
				E749AEC41E48B35A007AB3A1 /* SourceOfTransferVC.swift */,
				E72F89DE1E4A37F300C08FF3 /* ResetPasswordVC.swift */,
				E72F89E01E4A84F300C08FF3 /* EditProfileVC.swift */,
				E7456FE11E4F3344004D24EC /* UltimateUserVC.swift */,
				E7456FE31E50B20B004D24EC /* AddNewRegionVC.swift */,
				E7456FE51E50D33B004D24EC /* AboutVC.swift */,
			);
			name = Controller;
			sourceTree = "<group>";
		};
		E70B32BF1E3EEEB0000634AD /* View */ = {
			isa = PBXGroup;
			children = (
				E70B32C11E40C059000634AD /* ShadowEffect.swift */,
				E70B32AB1E3EEAD3000634AD /* Main.storyboard */,
				E72F89E21E4D0A6E00C08FF3 /* FeedbackCell.swift */,
			);
			name = View;
			sourceTree = "<group>";
		};
		E70B32C01E3EEEBF000634AD /* Model */ = {
			isa = PBXGroup;
			children = (
				E70B32C91E411EC4000634AD /* HospitalStruct.swift */,
				E70B32A71E3EEAD3000634AD /* AppDelegate.swift */,
				E70B32C31E40C1B6000634AD /* Constants.swift */,
				E70B32C71E410F57000634AD /* DataService.swift */,
			);
			name = Model;
			sourceTree = "<group>";
		};
/* End PBXGroup section */

/* Begin PBXNativeTarget section */
		E70B32A31E3EEAD3000634AD /* IUT */ = {
			isa = PBXNativeTarget;
			buildConfigurationList = E70B32B91E3EEAD3000634AD /* Build configuration list for PBXNativeTarget "IUT" */;
			buildPhases = (
				F9C59250D485692040F8F448 /* [CP] Check Pods Manifest.lock */,
				E70B32A01E3EEAD3000634AD /* Sources */,
				E70B32A11E3EEAD3000634AD /* Frameworks */,
				E70B32A21E3EEAD3000634AD /* Resources */,
				A065194F908507310FD3DEA9 /* [CP] Embed Pods Frameworks */,
				999BB62D8F3A76F76F8D161C /* [CP] Copy Pods Resources */,
			);
			buildRules = (
			);
			dependencies = (
			);
			name = IUT;
			productName = IUT;
			productReference = E70B32A41E3EEAD3000634AD /* IUT.app */;
			productType = "com.apple.product-type.application";
		};
/* End PBXNativeTarget section */

/* Begin PBXProject section */
		E70B329C1E3EEAD3000634AD /* Project object */ = {
			isa = PBXProject;
			attributes = {
				LastSwiftUpdateCheck = 0820;
				LastUpgradeCheck = 0820;
				ORGANIZATIONNAME = "Ahmed Zaima";
				TargetAttributes = {
					E70B32A31E3EEAD3000634AD = {
						CreatedOnToolsVersion = 8.2.1;
						DevelopmentTeam = 9MT4EUS42Y;
						ProvisioningStyle = Automatic;
						SystemCapabilities = {
							com.apple.Push = {
								enabled = 1;
							};
						};
					};
				};
			};
			buildConfigurationList = E70B329F1E3EEAD3000634AD /* Build configuration list for PBXProject "IUT" */;
			compatibilityVersion = "Xcode 3.2";
			developmentRegion = English;
			hasScannedForEncodings = 0;
			knownRegions = (
				en,
				Base,
			);
			mainGroup = E70B329B1E3EEAD3000634AD;
			productRefGroup = E70B32A51E3EEAD3000634AD /* Products */;
			projectDirPath = "";
			projectRoot = "";
			targets = (
				E70B32A31E3EEAD3000634AD /* IUT */,
			);
		};
/* End PBXProject section */

/* Begin PBXResourcesBuildPhase section */
		E70B32A21E3EEAD3000634AD /* Resources */ = {
			isa = PBXResourcesBuildPhase;
			buildActionMask = 2147483647;
			files = (
				E70B32B51E3EEAD3000634AD /* LaunchScreen.storyboard in Resources */,
				E70B32BD1E3EEBA0000634AD /* GoogleService-Info.plist in Resources */,
				E70B32B21E3EEAD3000634AD /* Assets.xcassets in Resources */,
				E70B32AD1E3EEAD3000634AD /* Main.storyboard in Resources */,
			);
			runOnlyForDeploymentPostprocessing = 0;
		};
/* End PBXResourcesBuildPhase section */

/* Begin PBXShellScriptBuildPhase section */
		999BB62D8F3A76F76F8D161C /* [CP] Copy Pods Resources */ = {
			isa = PBXShellScriptBuildPhase;
			buildActionMask = 2147483647;
			files = (
			);
			inputPaths = (
			);
			name = "[CP] Copy Pods Resources";
			outputPaths = (
			);
			runOnlyForDeploymentPostprocessing = 0;
			shellPath = /bin/sh;
			shellScript = "\"${SRCROOT}/Pods/Target Support Files/Pods-IUT/Pods-IUT-resources.sh\"\n";
			showEnvVarsInLog = 0;
		};
		A065194F908507310FD3DEA9 /* [CP] Embed Pods Frameworks */ = {
			isa = PBXShellScriptBuildPhase;
			buildActionMask = 2147483647;
			files = (
			);
			inputPaths = (
			);
			name = "[CP] Embed Pods Frameworks";
			outputPaths = (
			);
			runOnlyForDeploymentPostprocessing = 0;
			shellPath = /bin/sh;
			shellScript = "\"${SRCROOT}/Pods/Target Support Files/Pods-IUT/Pods-IUT-frameworks.sh\"\n";
			showEnvVarsInLog = 0;
		};
		F9C59250D485692040F8F448 /* [CP] Check Pods Manifest.lock */ = {
			isa = PBXShellScriptBuildPhase;
			buildActionMask = 2147483647;
			files = (
			);
			inputPaths = (
			);
			name = "[CP] Check Pods Manifest.lock";
			outputPaths = (
			);
			runOnlyForDeploymentPostprocessing = 0;
			shellPath = /bin/sh;
			shellScript = "diff \"${PODS_ROOT}/../Podfile.lock\" \"${PODS_ROOT}/Manifest.lock\" > /dev/null\nif [ $? != 0 ] ; then\n    # print error to STDERR\n    echo \"error: The sandbox is not in sync with the Podfile.lock. Run 'pod install' or update your CocoaPods installation.\" >&2\n    exit 1\nfi\n";
			showEnvVarsInLog = 0;
		};
/* End PBXShellScriptBuildPhase section */

/* Begin PBXSourcesBuildPhase section */
		E70B32A01E3EEAD3000634AD /* Sources */ = {
			isa = PBXSourcesBuildPhase;
			buildActionMask = 2147483647;
			files = (
				E79E2D361E46274300786358 /* AdministrativeToolsVC.swift in Sources */,
				E749AEC31E47E1B5007AB3A1 /* FeedbackReviewVC.swift in Sources */,
				E79E2D3A1E46604700786358 /* HospitalDetailsVC.swift in Sources */,
				E749AEBF1E4759AE007AB3A1 /* UsersTableVC.swift in Sources */,
				E70B32CA1E411EC4000634AD /* HospitalStruct.swift in Sources */,
				E72F89DF1E4A37F300C08FF3 /* ResetPasswordVC.swift in Sources */,
				E7456FE61E50D33B004D24EC /* AboutVC.swift in Sources */,
				E79E2D381E4631EB00786358 /* HospitalsDatabaseVC.swift in Sources */,
				E70B32C41E40C1B6000634AD /* Constants.swift in Sources */,
				E749AEC51E48B35A007AB3A1 /* SourceOfTransferVC.swift in Sources */,
				E70B32C81E410F57000634AD /* DataService.swift in Sources */,
				E72F89E31E4D0A6E00C08FF3 /* FeedbackCell.swift in Sources */,
				E70B32C21E40C059000634AD /* ShadowEffect.swift in Sources */,
				E76CD6F41E472987005E9D5E /* ReviewUserVC.swift in Sources */,
				E70B32C61E40CEAC000634AD /* SignInVC.swift in Sources */,
				E7456FE21E4F3344004D24EC /* UltimateUserVC.swift in Sources */,
				E79E2D341E460B0500786358 /* FeedbackVC.swift in Sources */,
				E70B32AA1E3EEAD3000634AD /* MainVC.swift in Sources */,
				E7456FE41E50B20B004D24EC /* AddNewRegionVC.swift in Sources */,
				E70B32A81E3EEAD3000634AD /* AppDelegate.swift in Sources */,
				E749AEC11E47D3D6007AB3A1 /* FeedbackListVC.swift in Sources */,
				E70B32B01E3EEAD3000634AD /* IUT.xcdatamodeld in Sources */,
				E72F89E11E4A84F300C08FF3 /* EditProfileVC.swift in Sources */,
			);
			runOnlyForDeploymentPostprocessing = 0;
		};
/* End PBXSourcesBuildPhase section */

/* Begin PBXVariantGroup section */
		E70B32AB1E3EEAD3000634AD /* Main.storyboard */ = {
			isa = PBXVariantGroup;
			children = (
				E70B32AC1E3EEAD3000634AD /* Base */,
			);
			name = Main.storyboard;
			sourceTree = "<group>";
		};
		E70B32B31E3EEAD3000634AD /* LaunchScreen.storyboard */ = {
			isa = PBXVariantGroup;
			children = (
				E70B32B41E3EEAD3000634AD /* Base */,
			);
			name = LaunchScreen.storyboard;
			sourceTree = "<group>";
		};
/* End PBXVariantGroup section */

/* Begin XCBuildConfiguration section */
		E70B32B71E3EEAD3000634AD /* Debug */ = {
			isa = XCBuildConfiguration;
			buildSettings = {
				ALWAYS_SEARCH_USER_PATHS = NO;
				CLANG_ANALYZER_NONNULL = YES;
				CLANG_CXX_LANGUAGE_STANDARD = "gnu++0x";
				CLANG_CXX_LIBRARY = "libc++";
				CLANG_ENABLE_MODULES = YES;
				CLANG_ENABLE_OBJC_ARC = YES;
				CLANG_WARN_BOOL_CONVERSION = YES;
				CLANG_WARN_CONSTANT_CONVERSION = YES;
				CLANG_WARN_DIRECT_OBJC_ISA_USAGE = YES_ERROR;
				CLANG_WARN_DOCUMENTATION_COMMENTS = YES;
				CLANG_WARN_EMPTY_BODY = YES;
				CLANG_WARN_ENUM_CONVERSION = YES;
				CLANG_WARN_INFINITE_RECURSION = YES;
				CLANG_WARN_INT_CONVERSION = YES;
				CLANG_WARN_OBJC_ROOT_CLASS = YES_ERROR;
				CLANG_WARN_SUSPICIOUS_MOVE = YES;
				CLANG_WARN_UNREACHABLE_CODE = YES;
				CLANG_WARN__DUPLICATE_METHOD_MATCH = YES;
				"CODE_SIGN_IDENTITY[sdk=iphoneos*]" = "iPhone Developer";
				COPY_PHASE_STRIP = NO;
				DEBUG_INFORMATION_FORMAT = dwarf;
				ENABLE_STRICT_OBJC_MSGSEND = YES;
				ENABLE_TESTABILITY = YES;
				GCC_C_LANGUAGE_STANDARD = gnu99;
				GCC_DYNAMIC_NO_PIC = NO;
				GCC_NO_COMMON_BLOCKS = YES;
				GCC_OPTIMIZATION_LEVEL = 0;
				GCC_PREPROCESSOR_DEFINITIONS = (
					"DEBUG=1",
					"$(inherited)",
				);
				GCC_WARN_64_TO_32_BIT_CONVERSION = YES;
				GCC_WARN_ABOUT_RETURN_TYPE = YES_ERROR;
				GCC_WARN_UNDECLARED_SELECTOR = YES;
				GCC_WARN_UNINITIALIZED_AUTOS = YES_AGGRESSIVE;
				GCC_WARN_UNUSED_FUNCTION = YES;
				GCC_WARN_UNUSED_VARIABLE = YES;
				IPHONEOS_DEPLOYMENT_TARGET = 10.0;
				MTL_ENABLE_DEBUG_INFO = YES;
				ONLY_ACTIVE_ARCH = YES;
				SDKROOT = iphoneos;
				SWIFT_ACTIVE_COMPILATION_CONDITIONS = DEBUG;
				SWIFT_OPTIMIZATION_LEVEL = "-Onone";
				TARGETED_DEVICE_FAMILY = "1,2";
			};
			name = Debug;
		};
		E70B32B81E3EEAD3000634AD /* Release */ = {
			isa = XCBuildConfiguration;
			buildSettings = {
				ALWAYS_SEARCH_USER_PATHS = NO;
				CLANG_ANALYZER_NONNULL = YES;
				CLANG_CXX_LANGUAGE_STANDARD = "gnu++0x";
				CLANG_CXX_LIBRARY = "libc++";
				CLANG_ENABLE_MODULES = YES;
				CLANG_ENABLE_OBJC_ARC = YES;
				CLANG_WARN_BOOL_CONVERSION = YES;
				CLANG_WARN_CONSTANT_CONVERSION = YES;
				CLANG_WARN_DIRECT_OBJC_ISA_USAGE = YES_ERROR;
				CLANG_WARN_DOCUMENTATION_COMMENTS = YES;
				CLANG_WARN_EMPTY_BODY = YES;
				CLANG_WARN_ENUM_CONVERSION = YES;
				CLANG_WARN_INFINITE_RECURSION = YES;
				CLANG_WARN_INT_CONVERSION = YES;
				CLANG_WARN_OBJC_ROOT_CLASS = YES_ERROR;
				CLANG_WARN_SUSPICIOUS_MOVE = YES;
				CLANG_WARN_UNREACHABLE_CODE = YES;
				CLANG_WARN__DUPLICATE_METHOD_MATCH = YES;
				"CODE_SIGN_IDENTITY[sdk=iphoneos*]" = "iPhone Developer";
				COPY_PHASE_STRIP = NO;
				DEBUG_INFORMATION_FORMAT = "dwarf-with-dsym";
				ENABLE_NS_ASSERTIONS = NO;
				ENABLE_STRICT_OBJC_MSGSEND = YES;
				GCC_C_LANGUAGE_STANDARD = gnu99;
				GCC_NO_COMMON_BLOCKS = YES;
				GCC_WARN_64_TO_32_BIT_CONVERSION = YES;
				GCC_WARN_ABOUT_RETURN_TYPE = YES_ERROR;
				GCC_WARN_UNDECLARED_SELECTOR = YES;
				GCC_WARN_UNINITIALIZED_AUTOS = YES_AGGRESSIVE;
				GCC_WARN_UNUSED_FUNCTION = YES;
				GCC_WARN_UNUSED_VARIABLE = YES;
				IPHONEOS_DEPLOYMENT_TARGET = 10.0;
				MTL_ENABLE_DEBUG_INFO = NO;
				SDKROOT = iphoneos;
				SWIFT_OPTIMIZATION_LEVEL = "-Owholemodule";
				TARGETED_DEVICE_FAMILY = "1,2";
				VALIDATE_PRODUCT = YES;
			};
			name = Release;
		};
		E70B32BA1E3EEAD3000634AD /* Debug */ = {
			isa = XCBuildConfiguration;
			baseConfigurationReference = 5EE3192D91B22EE312E46E31 /* Pods-IUT.debug.xcconfig */;
			buildSettings = {
				ALWAYS_EMBED_SWIFT_STANDARD_LIBRARIES = YES;
				ASSETCATALOG_COMPILER_APPICON_NAME = AppIcon;
				CODE_SIGN_ENTITLEMENTS = IUT/IUT.entitlements;
				DEVELOPMENT_TEAM = 9MT4EUS42Y;
				INFOPLIST_FILE = IUT/Info.plist;
				IPHONEOS_DEPLOYMENT_TARGET = 10.0;
				LD_RUNPATH_SEARCH_PATHS = "$(inherited) @executable_path/Frameworks";
				PRODUCT_BUNDLE_IDENTIFIER = Zaima.IUT;
				PRODUCT_NAME = "$(TARGET_NAME)";
				SWIFT_VERSION = 3.0;
			};
			name = Debug;
		};
		E70B32BB1E3EEAD3000634AD /* Release */ = {
			isa = XCBuildConfiguration;
			baseConfigurationReference = 3AFC87CB6D3C6C2D428AB4DC /* Pods-IUT.release.xcconfig */;
			buildSettings = {
				ALWAYS_EMBED_SWIFT_STANDARD_LIBRARIES = YES;
				ASSETCATALOG_COMPILER_APPICON_NAME = AppIcon;
				CODE_SIGN_ENTITLEMENTS = IUT/IUT.entitlements;
				DEVELOPMENT_TEAM = 9MT4EUS42Y;
				INFOPLIST_FILE = IUT/Info.plist;
				IPHONEOS_DEPLOYMENT_TARGET = 10.0;
				LD_RUNPATH_SEARCH_PATHS = "$(inherited) @executable_path/Frameworks";
				PRODUCT_BUNDLE_IDENTIFIER = Zaima.IUT;
				PRODUCT_NAME = "$(TARGET_NAME)";
				SWIFT_VERSION = 3.0;
			};
			name = Release;
		};
/* End XCBuildConfiguration section */

/* Begin XCConfigurationList section */
		E70B329F1E3EEAD3000634AD /* Build configuration list for PBXProject "IUT" */ = {
			isa = XCConfigurationList;
			buildConfigurations = (
				E70B32B71E3EEAD3000634AD /* Debug */,
				E70B32B81E3EEAD3000634AD /* Release */,
			);
			defaultConfigurationIsVisible = 0;
			defaultConfigurationName = Release;
		};
		E70B32B91E3EEAD3000634AD /* Build configuration list for PBXNativeTarget "IUT" */ = {
			isa = XCConfigurationList;
			buildConfigurations = (
				E70B32BA1E3EEAD3000634AD /* Debug */,
				E70B32BB1E3EEAD3000634AD /* Release */,
			);
			defaultConfigurationIsVisible = 0;
			defaultConfigurationName = Release;
		};
/* End XCConfigurationList section */

/* Begin XCVersionGroup section */
		E70B32AE1E3EEAD3000634AD /* IUT.xcdatamodeld */ = {
			isa = XCVersionGroup;
			children = (
				E70B32AF1E3EEAD3000634AD /* IUT.xcdatamodel */,
			);
			currentVersion = E70B32AF1E3EEAD3000634AD /* IUT.xcdatamodel */;
			path = IUT.xcdatamodeld;
			sourceTree = "<group>";
			versionGroupType = wrapper.xcdatamodel;
		};
/* End XCVersionGroup section */
	};
	rootObject = E70B329C1E3EEAD3000634AD /* Project object */;
}
